
Microsoft Visual Studio Solution File, Format Version 12.00
# Visual Studio Version 16
VisualStudioVersion = 16.0.28917.181
MinimumVisualStudioVersion = 10.0.40219.1
Project("{FAE04EC0-301F-11D3-BF4B-00C04F79EFBC}") = "ProyectMP3YT", "ProyectMP3YT.csproj", "{4BD06E26-F0D8-483B-AF3A-F5A6D5E34E3D}"
EndProject
Global
	GlobalSection(SolutionConfigurationPlatforms) = preSolution
		Debug|Any CPU = Debug|Any CPU
		Release|Any CPU = Release|Any CPU
	EndGlobalSection
	GlobalSection(ProjectConfigurationPlatforms) = postSolution
		{4BD06E26-F0D8-483B-AF3A-F5A6D5E34E3D}.Debug|Any CPU.ActiveCfg = Debug|Any CPU
		{4BD06E26-F0D8-483B-AF3A-F5A6D5E34E3D}.Debug|Any CPU.Build.0 = Debug|Any CPU
		{4BD06E26-F0D8-483B-AF3A-F5A6D5E34E3D}.Release|Any CPU.ActiveCfg = Release|Any CPU
		{4BD06E26-F0D8-483B-AF3A-F5A6D5E34E3D}.Release|Any CPU.Build.0 = Release|Any CPU
	EndGlobalSection
	GlobalSection(SolutionProperties) = preSolution
		HideSolutionNode = FALSE
	EndGlobalSection
	GlobalSection(ExtensibilityGlobals) = postSolution
		SolutionGuid = {742FA982-32F4-400F-BA60-A7314861E13D}
	EndGlobalSection
EndGlobal
